{
  "name": "mobile",
  "lockfileVersion": 2,
  "requires": true,
  "packages": {
    "": {
      "dependencies": {
        "create-expo-app": "^1.1.1"
      }
    },
    "node_modules/create-expo-app": {
      "version": "1.1.1",
      "resolved": "https://registry.npmjs.org/create-expo-app/-/create-expo-app-1.1.1.tgz",
      "integrity": "sha512-/RlUUggr3qFaw85kJRMNc322NAjNtka1sGqjZbRNHpoorWCHGdP0OVjC/cObrdnvd/5Gg0JvbZeniJQgNiMwqw==",
      "bin": {
        "create-expo-app": "build/index.js"
      }
    }
  },
  "dependencies": {
    "create-expo-app": {
      "version": "1.1.1",
      "resolved": "https://registry.npmjs.org/create-expo-app/-/create-expo-app-1.1.1.tgz",
      "integrity": "sha512-/RlUUggr3qFaw85kJRMNc322NAjNtka1sGqjZbRNHpoorWCHGdP0OVjC/cObrdnvd/5Gg0JvbZeniJQgNiMwqw=="
    }
  }
}
